// !$*UTF8*$!
{
	archiveVersion = 1;
	classes = {
	};
	objectVersion = 50;
	objects = {

/* Begin PBXBuildFile section */
		35451A9725CF994200CA43A2 /* GoodVibesApp.swift in Sources */ = {isa = PBXBuildFile; fileRef = 35451A9625CF994200CA43A2 /* GoodVibesApp.swift */; };
		35451A9925CF994200CA43A2 /* ContentView.swift in Sources */ = {isa = PBXBuildFile; fileRef = 35451A9825CF994200CA43A2 /* ContentView.swift */; };
		35451A9B25CF994200CA43A2 /* Assets.xcassets in Resources */ = {isa = PBXBuildFile; fileRef = 35451A9A25CF994200CA43A2 /* Assets.xcassets */; };
		35451A9E25CF994200CA43A2 /* Preview Assets.xcassets in Resources */ = {isa = PBXBuildFile; fileRef = 35451A9D25CF994200CA43A2 /* Preview Assets.xcassets */; };
		35451AA025CF994200CA43A2 /* Persistence.swift in Sources */ = {isa = PBXBuildFile; fileRef = 35451A9F25CF994200CA43A2 /* Persistence.swift */; };
		35451AA325CF994200CA43A2 /* goodvibes.xcdatamodeld in Sources */ = {isa = PBXBuildFile; fileRef = 35451AA125CF994200CA43A2 /* goodvibes.xcdatamodeld */; };
		35451AAE25CF994300CA43A2 /* goodvibesTests.swift in Sources */ = {isa = PBXBuildFile; fileRef = 35451AAD25CF994300CA43A2 /* goodvibesTests.swift */; };
		35451AB925CF994300CA43A2 /* goodvibesUITests.swift in Sources */ = {isa = PBXBuildFile; fileRef = 35451AB825CF994300CA43A2 /* goodvibesUITests.swift */; };
		3559D89925CFA3D2006493F3 /* ItemLocal.swift in Sources */ = {isa = PBXBuildFile; fileRef = 3559D89825CFA3D2006493F3 /* ItemLocal.swift */; };
		3559D8A425CFA56C006493F3 /* LocalStorage.swift in Sources */ = {isa = PBXBuildFile; fileRef = 3559D8A325CFA56C006493F3 /* LocalStorage.swift */; };
		3559D8A925CFA687006493F3 /* AddItemView.swift in Sources */ = {isa = PBXBuildFile; fileRef = 3559D8A825CFA687006493F3 /* AddItemView.swift */; };
		3559D8AE25CFB0DB006493F3 /* Gradient.swift in Sources */ = {isa = PBXBuildFile; fileRef = 3559D8AD25CFB0DB006493F3 /* Gradient.swift */; };
/* End PBXBuildFile section */

/* Begin PBXContainerItemProxy section */
		35451AAA25CF994300CA43A2 /* PBXContainerItemProxy */ = {
			isa = PBXContainerItemProxy;
			containerPortal = 35451A8B25CF994200CA43A2 /* Project object */;
			proxyType = 1;
			remoteGlobalIDString = 35451A9225CF994200CA43A2;
			remoteInfo = goodvibes;
		};
		35451AB525CF994300CA43A2 /* PBXContainerItemProxy */ = {
			isa = PBXContainerItemProxy;
			containerPortal = 35451A8B25CF994200CA43A2 /* Project object */;
			proxyType = 1;
			remoteGlobalIDString = 35451A9225CF994200CA43A2;
			remoteInfo = goodvibes;
		};
/* End PBXContainerItemProxy section */

/* Begin PBXFileReference section */
		35451A9325CF994200CA43A2 /* goodvibes.app */ = {isa = PBXFileReference; explicitFileType = wrapper.application; includeInIndex = 0; path = goodvibes.app; sourceTree = BUILT_PRODUCTS_DIR; };
		35451A9625CF994200CA43A2 /* GoodVibesApp.swift */ = {isa = PBXFileReference; lastKnownFileType = sourcecode.swift; path = GoodVibesApp.swift; sourceTree = "<group>"; };
		35451A9825CF994200CA43A2 /* ContentView.swift */ = {isa = PBXFileReference; lastKnownFileType = sourcecode.swift; path = ContentView.swift; sourceTree = "<group>"; };
		35451A9A25CF994200CA43A2 /* Assets.xcassets */ = {isa = PBXFileReference; lastKnownFileType = folder.assetcatalog; path = Assets.xcassets; sourceTree = "<group>"; };
		35451A9D25CF994200CA43A2 /* Preview Assets.xcassets */ = {isa = PBXFileReference; lastKnownFileType = folder.assetcatalog; path = "Preview Assets.xcassets"; sourceTree = "<group>"; };
		35451A9F25CF994200CA43A2 /* Persistence.swift */ = {isa = PBXFileReference; lastKnownFileType = sourcecode.swift; path = Persistence.swift; sourceTree = "<group>"; };
		35451AA225CF994200CA43A2 /* goodvibes.xcdatamodel */ = {isa = PBXFileReference; lastKnownFileType = wrapper.xcdatamodel; path = goodvibes.xcdatamodel; sourceTree = "<group>"; };
		35451AA425CF994200CA43A2 /* Info.plist */ = {isa = PBXFileReference; lastKnownFileType = text.plist.xml; path = Info.plist; sourceTree = "<group>"; };
		35451AA925CF994300CA43A2 /* goodvibesTests.xctest */ = {isa = PBXFileReference; explicitFileType = wrapper.cfbundle; includeInIndex = 0; path = goodvibesTests.xctest; sourceTree = BUILT_PRODUCTS_DIR; };
		35451AAD25CF994300CA43A2 /* goodvibesTests.swift */ = {isa = PBXFileReference; lastKnownFileType = sourcecode.swift; path = goodvibesTests.swift; sourceTree = "<group>"; };
		35451AAF25CF994300CA43A2 /* Info.plist */ = {isa = PBXFileReference; lastKnownFileType = text.plist.xml; path = Info.plist; sourceTree = "<group>"; };
		35451AB425CF994300CA43A2 /* goodvibesUITests.xctest */ = {isa = PBXFileReference; explicitFileType = wrapper.cfbundle; includeInIndex = 0; path = goodvibesUITests.xctest; sourceTree = BUILT_PRODUCTS_DIR; };
		35451AB825CF994300CA43A2 /* goodvibesUITests.swift */ = {isa = PBXFileReference; lastKnownFileType = sourcecode.swift; path = goodvibesUITests.swift; sourceTree = "<group>"; };
		35451ABA25CF994300CA43A2 /* Info.plist */ = {isa = PBXFileReference; lastKnownFileType = text.plist.xml; path = Info.plist; sourceTree = "<group>"; };
		3559D89825CFA3D2006493F3 /* ItemLocal.swift */ = {isa = PBXFileReference; lastKnownFileType = sourcecode.swift; path = ItemLocal.swift; sourceTree = "<group>"; };
		3559D8A325CFA56C006493F3 /* LocalStorage.swift */ = {isa = PBXFileReference; lastKnownFileType = sourcecode.swift; path = LocalStorage.swift; sourceTree = "<group>"; };
		3559D8A825CFA687006493F3 /* AddItemView.swift */ = {isa = PBXFileReference; lastKnownFileType = sourcecode.swift; path = AddItemView.swift; sourceTree = "<group>"; };
		3559D8AD25CFB0DB006493F3 /* Gradient.swift */ = {isa = PBXFileReference; lastKnownFileType = sourcecode.swift; path = Gradient.swift; sourceTree = "<group>"; };
/* End PBXFileReference section */

/* Begin PBXFrameworksBuildPhase section */
		35451A9025CF994200CA43A2 /* Frameworks */ = {
			isa = PBXFrameworksBuildPhase;
			buildActionMask = 2147483647;
			files = (
			);
			runOnlyForDeploymentPostprocessing = 0;
		};
		35451AA625CF994300CA43A2 /* Frameworks */ = {
			isa = PBXFrameworksBuildPhase;
			buildActionMask = 2147483647;
			files = (
			);
			runOnlyForDeploymentPostprocessing = 0;
		};
		35451AB125CF994300CA43A2 /* Frameworks */ = {
			isa = PBXFrameworksBuildPhase;
			buildActionMask = 2147483647;
			files = (
			);
			runOnlyForDeploymentPostprocessing = 0;
		};
/* End PBXFrameworksBuildPhase section */

/* Begin PBXGroup section */
		35451A8A25CF994200CA43A2 = {
			isa = PBXGroup;
			children = (
				35451A9525CF994200CA43A2 /* goodvibes */,
				35451AAC25CF994300CA43A2 /* goodvibesTests */,
				35451AB725CF994300CA43A2 /* goodvibesUITests */,
				35451A9425CF994200CA43A2 /* Products */,
			);
			sourceTree = "<group>";
		};
		35451A9425CF994200CA43A2 /* Products */ = {
			isa = PBXGroup;
			children = (
				35451A9325CF994200CA43A2 /* goodvibes.app */,
				35451AA925CF994300CA43A2 /* goodvibesTests.xctest */,
				35451AB425CF994300CA43A2 /* goodvibesUITests.xctest */,
			);
			name = Products;
			sourceTree = "<group>";
		};
		35451A9525CF994200CA43A2 /* goodvibes */ = {
			isa = PBXGroup;
			children = (
				35451A9625CF994200CA43A2 /* GoodVibesApp.swift */,
				35451A9825CF994200CA43A2 /* ContentView.swift */,
				3559D8A825CFA687006493F3 /* AddItemView.swift */,
				3559D8AD25CFB0DB006493F3 /* Gradient.swift */,
				35451A9A25CF994200CA43A2 /* Assets.xcassets */,
				3559D89725CF9D0F006493F3 /* Persistence */,
				35451AA425CF994200CA43A2 /* Info.plist */,
				35451A9C25CF994200CA43A2 /* Preview Content */,
			);
			path = goodvibes;
			sourceTree = "<group>";
		};
		35451A9C25CF994200CA43A2 /* Preview Content */ = {
			isa = PBXGroup;
			children = (
				35451A9D25CF994200CA43A2 /* Preview Assets.xcassets */,
			);
			path = "Preview Content";
			sourceTree = "<group>";
		};
		35451AAC25CF994300CA43A2 /* goodvibesTests */ = {
			isa = PBXGroup;
			children = (
				35451AAD25CF994300CA43A2 /* goodvibesTests.swift */,
				35451AAF25CF994300CA43A2 /* Info.plist */,
			);
			path = goodvibesTests;
			sourceTree = "<group>";
		};
		35451AB725CF994300CA43A2 /* goodvibesUITests */ = {
			isa = PBXGroup;
			children = (
				35451AB825CF994300CA43A2 /* goodvibesUITests.swift */,
				35451ABA25CF994300CA43A2 /* Info.plist */,
			);
			path = goodvibesUITests;
			sourceTree = "<group>";
		};
		3559D89725CF9D0F006493F3 /* Persistence */ = {
			isa = PBXGroup;
			children = (
				35451A9F25CF994200CA43A2 /* Persistence.swift */,
				35451AA125CF994200CA43A2 /* goodvibes.xcdatamodeld */,
				3559D89825CFA3D2006493F3 /* ItemLocal.swift */,
				3559D8A325CFA56C006493F3 /* LocalStorage.swift */,
			);
			path = Persistence;
			sourceTree = "<group>";
		};
/* End PBXGroup section */

/* Begin PBXNativeTarget section */
		35451A9225CF994200CA43A2 /* goodvibes */ = {
			isa = PBXNativeTarget;
			buildConfigurationList = 35451ABD25CF994300CA43A2 /* Build configuration list for PBXNativeTarget "goodvibes" */;
			buildPhases = (
				35451A8F25CF994200CA43A2 /* Sources */,
				35451A9025CF994200CA43A2 /* Frameworks */,
				35451A9125CF994200CA43A2 /* Resources */,
			);
			buildRules = (
			);
			dependencies = (
			);
			name = goodvibes;
			productName = goodvibes;
			productReference = 35451A9325CF994200CA43A2 /* goodvibes.app */;
			productType = "com.apple.product-type.application";
		};
		35451AA825CF994300CA43A2 /* goodvibesTests */ = {
			isa = PBXNativeTarget;
			buildConfigurationList = 35451AC025CF994300CA43A2 /* Build configuration list for PBXNativeTarget "goodvibesTests" */;
			buildPhases = (
				35451AA525CF994300CA43A2 /* Sources */,
				35451AA625CF994300CA43A2 /* Frameworks */,
				35451AA725CF994300CA43A2 /* Resources */,
			);
			buildRules = (
			);
			dependencies = (
				35451AAB25CF994300CA43A2 /* PBXTargetDependency */,
			);
			name = goodvibesTests;
			productName = goodvibesTests;
			productReference = 35451AA925CF994300CA43A2 /* goodvibesTests.xctest */;
			productType = "com.apple.product-type.bundle.unit-test";
		};
		35451AB325CF994300CA43A2 /* goodvibesUITests */ = {
			isa = PBXNativeTarget;
			buildConfigurationList = 35451AC325CF994300CA43A2 /* Build configuration list for PBXNativeTarget "goodvibesUITests" */;
			buildPhases = (
				35451AB025CF994300CA43A2 /* Sources */,
				35451AB125CF994300CA43A2 /* Frameworks */,
				35451AB225CF994300CA43A2 /* Resources */,
			);
			buildRules = (
			);
			dependencies = (
				35451AB625CF994300CA43A2 /* PBXTargetDependency */,
			);
			name = goodvibesUITests;
			productName = goodvibesUITests;
			productReference = 35451AB425CF994300CA43A2 /* goodvibesUITests.xctest */;
			productType = "com.apple.product-type.bundle.ui-testing";
		};
/* End PBXNativeTarget section */

/* Begin PBXProject section */
		35451A8B25CF994200CA43A2 /* Project object */ = {
			isa = PBXProject;
			attributes = {
				LastSwiftUpdateCheck = 1230;
				LastUpgradeCheck = 1230;
				ORGANIZATIONNAME = acicartagena;
				TargetAttributes = {
					35451A9225CF994200CA43A2 = {
						CreatedOnToolsVersion = 12.3;
					};
					35451AA825CF994300CA43A2 = {
						CreatedOnToolsVersion = 12.3;
						TestTargetID = 35451A9225CF994200CA43A2;
					};
					35451AB325CF994300CA43A2 = {
						CreatedOnToolsVersion = 12.3;
						TestTargetID = 35451A9225CF994200CA43A2;
					};
				};
			};
			buildConfigurationList = 35451A8E25CF994200CA43A2 /* Build configuration list for PBXProject "goodvibes" */;
			compatibilityVersion = "Xcode 9.3";
			developmentRegion = en;
			hasScannedForEncodings = 0;
			knownRegions = (
				en,
				Base,
			);
			mainGroup = 35451A8A25CF994200CA43A2;
			productRefGroup = 35451A9425CF994200CA43A2 /* Products */;
			projectDirPath = "";
			projectRoot = "";
			targets = (
				35451A9225CF994200CA43A2 /* goodvibes */,
				35451AA825CF994300CA43A2 /* goodvibesTests */,
				35451AB325CF994300CA43A2 /* goodvibesUITests */,
			);
		};
/* End PBXProject section */

/* Begin PBXResourcesBuildPhase section */
		35451A9125CF994200CA43A2 /* Resources */ = {
			isa = PBXResourcesBuildPhase;
			buildActionMask = 2147483647;
			files = (
				35451A9E25CF994200CA43A2 /* Preview Assets.xcassets in Resources */,
				35451A9B25CF994200CA43A2 /* Assets.xcassets in Resources */,
			);
			runOnlyForDeploymentPostprocessing = 0;
		};
		35451AA725CF994300CA43A2 /* Resources */ = {
			isa = PBXResourcesBuildPhase;
			buildActionMask = 2147483647;
			files = (
			);
			runOnlyForDeploymentPostprocessing = 0;
		};
		35451AB225CF994300CA43A2 /* Resources */ = {
			isa = PBXResourcesBuildPhase;
			buildActionMask = 2147483647;
			files = (
			);
			runOnlyForDeploymentPostprocessing = 0;
		};
/* End PBXResourcesBuildPhase section */

/* Begin PBXSourcesBuildPhase section */
		35451A8F25CF994200CA43A2 /* Sources */ = {
			isa = PBXSourcesBuildPhase;
			buildActionMask = 2147483647;
			files = (
				35451AA325CF994200CA43A2 /* goodvibes.xcdatamodeld in Sources */,
				35451AA025CF994200CA43A2 /* Persistence.swift in Sources */,
				3559D8A925CFA687006493F3 /* AddItemView.swift in Sources */,
				3559D89925CFA3D2006493F3 /* ItemLocal.swift in Sources */,
				3559D8A425CFA56C006493F3 /* LocalStorage.swift in Sources */,
				35451A9925CF994200CA43A2 /* ContentView.swift in Sources */,
				35451A9725CF994200CA43A2 /* GoodVibesApp.swift in Sources */,
				3559D8AE25CFB0DB006493F3 /* Gradient.swift in Sources */,
			);
			runOnlyForDeploymentPostprocessing = 0;
		};
		35451AA525CF994300CA43A2 /* Sources */ = {
			isa = PBXSourcesBuildPhase;
			buildActionMask = 2147483647;
			files = (
				35451AAE25CF994300CA43A2 /* goodvibesTests.swift in Sources */,
			);
			runOnlyForDeploymentPostprocessing = 0;
		};
		35451AB025CF994300CA43A2 /* Sources */ = {
			isa = PBXSourcesBuildPhase;
			buildActionMask = 2147483647;
			files = (
				35451AB925CF994300CA43A2 /* goodvibesUITests.swift in Sources */,
			);
			runOnlyForDeploymentPostprocessing = 0;
		};
/* End PBXSourcesBuildPhase section */

/* Begin PBXTargetDependency section */
		35451AAB25CF994300CA43A2 /* PBXTargetDependency */ = {
			isa = PBXTargetDependency;
			target = 35451A9225CF994200CA43A2 /* goodvibes */;
			targetProxy = 35451AAA25CF994300CA43A2 /* PBXContainerItemProxy */;
		};
		35451AB625CF994300CA43A2 /* PBXTargetDependency */ = {
			isa = PBXTargetDependency;
			target = 35451A9225CF994200CA43A2 /* goodvibes */;
			targetProxy = 35451AB525CF994300CA43A2 /* PBXContainerItemProxy */;
		};
/* End PBXTargetDependency section */

/* Begin XCBuildConfiguration section */
		35451ABB25CF994300CA43A2 /* Debug */ = {
			isa = XCBuildConfiguration;
			buildSettings = {
				ALWAYS_SEARCH_USER_PATHS = NO;
				CLANG_ANALYZER_NONNULL = YES;
				CLANG_ANALYZER_NUMBER_OBJECT_CONVERSION = YES_AGGRESSIVE;
				CLANG_CXX_LANGUAGE_STANDARD = "gnu++14";
				CLANG_CXX_LIBRARY = "libc++";
				CLANG_ENABLE_MODULES = YES;
				CLANG_ENABLE_OBJC_ARC = YES;
				CLANG_ENABLE_OBJC_WEAK = YES;
				CLANG_WARN_BLOCK_CAPTURE_AUTORELEASING = YES;
				CLANG_WARN_BOOL_CONVERSION = YES;
				CLANG_WARN_COMMA = YES;
				CLANG_WARN_CONSTANT_CONVERSION = YES;
				CLANG_WARN_DEPRECATED_OBJC_IMPLEMENTATIONS = YES;
				CLANG_WARN_DIRECT_OBJC_ISA_USAGE = YES_ERROR;
				CLANG_WARN_DOCUMENTATION_COMMENTS = YES;
				CLANG_WARN_EMPTY_BODY = YES;
				CLANG_WARN_ENUM_CONVERSION = YES;
				CLANG_WARN_INFINITE_RECURSION = YES;
				CLANG_WARN_INT_CONVERSION = YES;
				CLANG_WARN_NON_LITERAL_NULL_CONVERSION = YES;
				CLANG_WARN_OBJC_IMPLICIT_RETAIN_SELF = YES;
				CLANG_WARN_OBJC_LITERAL_CONVERSION = YES;
				CLANG_WARN_OBJC_ROOT_CLASS = YES_ERROR;
				CLANG_WARN_QUOTED_INCLUDE_IN_FRAMEWORK_HEADER = YES;
				CLANG_WARN_RANGE_LOOP_ANALYSIS = YES;
				CLANG_WARN_STRICT_PROTOTYPES = YES;
				CLANG_WARN_SUSPICIOUS_MOVE = YES;
				CLANG_WARN_UNGUARDED_AVAILABILITY = YES_AGGRESSIVE;
				CLANG_WARN_UNREACHABLE_CODE = YES;
				CLANG_WARN__DUPLICATE_METHOD_MATCH = YES;
				COPY_PHASE_STRIP = NO;
				DEBUG_INFORMATION_FORMAT = dwarf;
				ENABLE_STRICT_OBJC_MSGSEND = YES;
				ENABLE_TESTABILITY = YES;
				GCC_C_LANGUAGE_STANDARD = gnu11;
				GCC_DYNAMIC_NO_PIC = NO;
				GCC_NO_COMMON_BLOCKS = YES;
				GCC_OPTIMIZATION_LEVEL = 0;
				GCC_PREPROCESSOR_DEFINITIONS = (
					"DEBUG=1",
					"$(inherited)",
				);
				GCC_WARN_64_TO_32_BIT_CONVERSION = YES;
				GCC_WARN_ABOUT_RETURN_TYPE = YES_ERROR;
				GCC_WARN_UNDECLARED_SELECTOR = YES;
				GCC_WARN_UNINITIALIZED_AUTOS = YES_AGGRESSIVE;
				GCC_WARN_UNUSED_FUNCTION = YES;
				GCC_WARN_UNUSED_VARIABLE = YES;
				IPHONEOS_DEPLOYMENT_TARGET = 14.3;
				MTL_ENABLE_DEBUG_INFO = INCLUDE_SOURCE;
				MTL_FAST_MATH = YES;
				ONLY_ACTIVE_ARCH = YES;
				SDKROOT = iphoneos;
				SWIFT_ACTIVE_COMPILATION_CONDITIONS = DEBUG;
				SWIFT_OPTIMIZATION_LEVEL = "-Onone";
			};
			name = Debug;
		};
		35451ABC25CF994300CA43A2 /* Release */ = {
			isa = XCBuildConfiguration;
			buildSettings = {
				ALWAYS_SEARCH_USER_PATHS = NO;
				CLANG_ANALYZER_NONNULL = YES;
				CLANG_ANALYZER_NUMBER_OBJECT_CONVERSION = YES_AGGRESSIVE;
				CLANG_CXX_LANGUAGE_STANDARD = "gnu++14";
				CLANG_CXX_LIBRARY = "libc++";
				CLANG_ENABLE_MODULES = YES;
				CLANG_ENABLE_OBJC_ARC = YES;
				CLANG_ENABLE_OBJC_WEAK = YES;
				CLANG_WARN_BLOCK_CAPTURE_AUTORELEASING = YES;
				CLANG_WARN_BOOL_CONVERSION = YES;
				CLANG_WARN_COMMA = YES;
				CLANG_WARN_CONSTANT_CONVERSION = YES;
				CLANG_WARN_DEPRECATED_OBJC_IMPLEMENTATIONS = YES;
				CLANG_WARN_DIRECT_OBJC_ISA_USAGE = YES_ERROR;
				CLANG_WARN_DOCUMENTATION_COMMENTS = YES;
				CLANG_WARN_EMPTY_BODY = YES;
				CLANG_WARN_ENUM_CONVERSION = YES;
				CLANG_WARN_INFINITE_RECURSION = YES;
				CLANG_WARN_INT_CONVERSION = YES;
				CLANG_WARN_NON_LITERAL_NULL_CONVERSION = YES;
				CLANG_WARN_OBJC_IMPLICIT_RETAIN_SELF = YES;
				CLANG_WARN_OBJC_LITERAL_CONVERSION = YES;
				CLANG_WARN_OBJC_ROOT_CLASS = YES_ERROR;
				CLANG_WARN_QUOTED_INCLUDE_IN_FRAMEWORK_HEADER = YES;
				CLANG_WARN_RANGE_LOOP_ANALYSIS = YES;
				CLANG_WARN_STRICT_PROTOTYPES = YES;
				CLANG_WARN_SUSPICIOUS_MOVE = YES;
				CLANG_WARN_UNGUARDED_AVAILABILITY = YES_AGGRESSIVE;
				CLANG_WARN_UNREACHABLE_CODE = YES;
				CLANG_WARN__DUPLICATE_METHOD_MATCH = YES;
				COPY_PHASE_STRIP = NO;
				DEBUG_INFORMATION_FORMAT = "dwarf-with-dsym";
				ENABLE_NS_ASSERTIONS = NO;
				ENABLE_STRICT_OBJC_MSGSEND = YES;
				GCC_C_LANGUAGE_STANDARD = gnu11;
				GCC_NO_COMMON_BLOCKS = YES;
				GCC_WARN_64_TO_32_BIT_CONVERSION = YES;
				GCC_WARN_ABOUT_RETURN_TYPE = YES_ERROR;
				GCC_WARN_UNDECLARED_SELECTOR = YES;
				GCC_WARN_UNINITIALIZED_AUTOS = YES_AGGRESSIVE;
				GCC_WARN_UNUSED_FUNCTION = YES;
				GCC_WARN_UNUSED_VARIABLE = YES;
				IPHONEOS_DEPLOYMENT_TARGET = 14.3;
				MTL_ENABLE_DEBUG_INFO = NO;
				MTL_FAST_MATH = YES;
				SDKROOT = iphoneos;
				SWIFT_COMPILATION_MODE = wholemodule;
				SWIFT_OPTIMIZATION_LEVEL = "-O";
				VALIDATE_PRODUCT = YES;
			};
			name = Release;
		};
		35451ABE25CF994300CA43A2 /* Debug */ = {
			isa = XCBuildConfiguration;
			buildSettings = {
				ASSETCATALOG_COMPILER_APPICON_NAME = AppIcon;
				ASSETCATALOG_COMPILER_GLOBAL_ACCENT_COLOR_NAME = AccentColor;
				CODE_SIGN_STYLE = Automatic;
				DEVELOPMENT_ASSET_PATHS = "\"goodvibes/Preview Content\"";
				DEVELOPMENT_TEAM = VWW575E2Q5;
				ENABLE_PREVIEWS = YES;
				INFOPLIST_FILE = goodvibes/Info.plist;
				IPHONEOS_DEPLOYMENT_TARGET = 14.0;
				LD_RUNPATH_SEARCH_PATHS = (
					"$(inherited)",
					"@executable_path/Frameworks",
				);
				PRODUCT_BUNDLE_IDENTIFIER = com.acicartagena.goodvibes;
				PRODUCT_NAME = "$(TARGET_NAME)";
				SWIFT_VERSION = 5.0;
				TARGETED_DEVICE_FAMILY = "1,2";
			};
			name = Debug;
		};
		35451ABF25CF994300CA43A2 /* Release */ = {
			isa = XCBuildConfiguration;
			buildSettings = {
				ASSETCATALOG_COMPILER_APPICON_NAME = AppIcon;
				ASSETCATALOG_COMPILER_GLOBAL_ACCENT_COLOR_NAME = AccentColor;
				CODE_SIGN_STYLE = Automatic;
				DEVELOPMENT_ASSET_PATHS = "\"goodvibes/Preview Content\"";
				DEVELOPMENT_TEAM = VWW575E2Q5;
				ENABLE_PREVIEWS = YES;
				INFOPLIST_FILE = goodvibes/Info.plist;
				IPHONEOS_DEPLOYMENT_TARGET = 14.0;
				LD_RUNPATH_SEARCH_PATHS = (
					"$(inherited)",
					"@executable_path/Frameworks",
				);
				PRODUCT_BUNDLE_IDENTIFIER = com.acicartagena.goodvibes;
				PRODUCT_NAME = "$(TARGET_NAME)";
				SWIFT_VERSION = 5.0;
				TARGETED_DEVICE_FAMILY = "1,2";
			};
			name = Release;
		};
		35451AC125CF994300CA43A2 /* Debug */ = {
			isa = XCBuildConfiguration;
			buildSettings = {
				ALWAYS_EMBED_SWIFT_STANDARD_LIBRARIES = YES;
				BUNDLE_LOADER = "$(TEST_HOST)";
				CODE_SIGN_STYLE = Automatic;
				DEVELOPMENT_TEAM = VWW575E2Q5;
				INFOPLIST_FILE = goodvibesTests/Info.plist;
				IPHONEOS_DEPLOYMENT_TARGET = 14.0;
				LD_RUNPATH_SEARCH_PATHS = (
					"$(inherited)",
					"@executable_path/Frameworks",
					"@loader_path/Frameworks",
				);
				PRODUCT_BUNDLE_IDENTIFIER = com.acicartagena.goodvibesTests;
				PRODUCT_NAME = "$(TARGET_NAME)";
				SWIFT_VERSION = 5.0;
				TARGETED_DEVICE_FAMILY = "1,2";
				TEST_HOST = "$(BUILT_PRODUCTS_DIR)/goodvibes.app/goodvibes";
			};
			name = Debug;
		};
		35451AC225CF994300CA43A2 /* Release */ = {
			isa = XCBuildConfiguration;
			buildSettings = {
				ALWAYS_EMBED_SWIFT_STANDARD_LIBRARIES = YES;
				BUNDLE_LOADER = "$(TEST_HOST)";
				CODE_SIGN_STYLE = Automatic;
				DEVELOPMENT_TEAM = VWW575E2Q5;
				INFOPLIST_FILE = goodvibesTests/Info.plist;
				IPHONEOS_DEPLOYMENT_TARGET = 14.0;
				LD_RUNPATH_SEARCH_PATHS = (
					"$(inherited)",
					"@executable_path/Frameworks",
					"@loader_path/Frameworks",
				);
				PRODUCT_BUNDLE_IDENTIFIER = com.acicartagena.goodvibesTests;
				PRODUCT_NAME = "$(TARGET_NAME)";
				SWIFT_VERSION = 5.0;
				TARGETED_DEVICE_FAMILY = "1,2";
				TEST_HOST = "$(BUILT_PRODUCTS_DIR)/goodvibes.app/goodvibes";
			};
			name = Release;
		};
		35451AC425CF994300CA43A2 /* Debug */ = {
			isa = XCBuildConfiguration;
			buildSettings = {
				ALWAYS_EMBED_SWIFT_STANDARD_LIBRARIES = YES;
				CODE_SIGN_STYLE = Automatic;
				DEVELOPMENT_TEAM = VWW575E2Q5;
				INFOPLIST_FILE = goodvibesUITests/Info.plist;
				LD_RUNPATH_SEARCH_PATHS = (
					"$(inherited)",
					"@executable_path/Frameworks",
					"@loader_path/Frameworks",
				);
				PRODUCT_BUNDLE_IDENTIFIER = com.acicartagena.goodvibesUITests;
				PRODUCT_NAME = "$(TARGET_NAME)";
				SWIFT_VERSION = 5.0;
				TARGETED_DEVICE_FAMILY = "1,2";
				TEST_TARGET_NAME = goodvibes;
			};
			name = Debug;
		};
		35451AC525CF994300CA43A2 /* Release */ = {
			isa = XCBuildConfiguration;
			buildSettings = {
				ALWAYS_EMBED_SWIFT_STANDARD_LIBRARIES = YES;
				CODE_SIGN_STYLE = Automatic;
				DEVELOPMENT_TEAM = VWW575E2Q5;
				INFOPLIST_FILE = goodvibesUITests/Info.plist;
				LD_RUNPATH_SEARCH_PATHS = (
					"$(inherited)",
					"@executable_path/Frameworks",
					"@loader_path/Frameworks",
				);
				PRODUCT_BUNDLE_IDENTIFIER = com.acicartagena.goodvibesUITests;
				PRODUCT_NAME = "$(TARGET_NAME)";
				SWIFT_VERSION = 5.0;
				TARGETED_DEVICE_FAMILY = "1,2";
				TEST_TARGET_NAME = goodvibes;
			};
			name = Release;
		};
/* End XCBuildConfiguration section */

/* Begin XCConfigurationList section */
		35451A8E25CF994200CA43A2 /* Build configuration list for PBXProject "goodvibes" */ = {
			isa = XCConfigurationList;
			buildConfigurations = (
				35451ABB25CF994300CA43A2 /* Debug */,
				35451ABC25CF994300CA43A2 /* Release */,
			);
			defaultConfigurationIsVisible = 0;
			defaultConfigurationName = Release;
		};
		35451ABD25CF994300CA43A2 /* Build configuration list for PBXNativeTarget "goodvibes" */ = {
			isa = XCConfigurationList;
			buildConfigurations = (
				35451ABE25CF994300CA43A2 /* Debug */,
				35451ABF25CF994300CA43A2 /* Release */,
			);
			defaultConfigurationIsVisible = 0;
			defaultConfigurationName = Release;
		};
		35451AC025CF994300CA43A2 /* Build configuration list for PBXNativeTarget "goodvibesTests" */ = {
			isa = XCConfigurationList;
			buildConfigurations = (
				35451AC125CF994300CA43A2 /* Debug */,
				35451AC225CF994300CA43A2 /* Release */,
			);
			defaultConfigurationIsVisible = 0;
			defaultConfigurationName = Release;
		};
		35451AC325CF994300CA43A2 /* Build configuration list for PBXNativeTarget "goodvibesUITests" */ = {
			isa = XCConfigurationList;
			buildConfigurations = (
				35451AC425CF994300CA43A2 /* Debug */,
				35451AC525CF994300CA43A2 /* Release */,
			);
			defaultConfigurationIsVisible = 0;
			defaultConfigurationName = Release;
		};
/* End XCConfigurationList section */

/* Begin XCVersionGroup section */
		35451AA125CF994200CA43A2 /* goodvibes.xcdatamodeld */ = {
			isa = XCVersionGroup;
			children = (
				35451AA225CF994200CA43A2 /* goodvibes.xcdatamodel */,
			);
			currentVersion = 35451AA225CF994200CA43A2 /* goodvibes.xcdatamodel */;
			path = goodvibes.xcdatamodeld;
			sourceTree = "<group>";
			versionGroupType = wrapper.xcdatamodel;
		};
/* End XCVersionGroup section */
	};
	rootObject = 35451A8B25CF994200CA43A2 /* Project object */;
}
